{
    "_meta": {
        "hash": {
            "sha256": "37558132cfd6f8b71248ddf2ac50277643be36b7f7466d074174bae5c3bde231"
        },
        "pipfile-spec": 6,
        "requires": {
            "python_version": "3.7"
        },
        "sources": [
            {
                "name": "pypi",
                "url": "https://pypi.org/simple",
                "verify_ssl": true
            }
        ]
    },
    "default": {
        "dependency": {
            "hashes": [
                "sha256:41c26885d28a71a07e4605cdfa564b73a49fe9b29a4479207e14c7fda0e39d64"
            ],
            "index": "pypi",
            "version": "==0.0.3"
        }
    },
    "develop": {}
}
